// !$*UTF8*$!
{
	archiveVersion = 1;
	classes = {
	};
	objectVersion = 46;
	objects = {

/* Begin PBXBuildFile section */
		4274D4701CFD10AC009889CD /* COBCircularRegion.swift in Sources */ = {isa = PBXBuildFile; fileRef = 4274D46F1CFD10AC009889CD /* COBCircularRegion.swift */; };
		4286B8AE1CFD40A600B2A9AB /* Sim.gpx in Resources */ = {isa = PBXBuildFile; fileRef = 4286B8AD1CFD40A600B2A9AB /* Sim.gpx */; };
		42F542421CFA6D5A00BE8549 /* AppDelegate.swift in Sources */ = {isa = PBXBuildFile; fileRef = 42F542411CFA6D5A00BE8549 /* AppDelegate.swift */; };
		42F542471CFA6D5A00BE8549 /* Main.storyboard in Resources */ = {isa = PBXBuildFile; fileRef = 42F542451CFA6D5A00BE8549 /* Main.storyboard */; };
		42F542491CFA6D5A00BE8549 /* Assets.xcassets in Resources */ = {isa = PBXBuildFile; fileRef = 42F542481CFA6D5A00BE8549 /* Assets.xcassets */; };
		42F542541CFA6E0D00BE8549 /* MapKit.framework in Frameworks */ = {isa = PBXBuildFile; fileRef = 42F542531CFA6E0D00BE8549 /* MapKit.framework */; };
		42F542571CFA7A6C00BE8549 /* MainTVC.swift in Sources */ = {isa = PBXBuildFile; fileRef = 42F542561CFA7A6C00BE8549 /* MainTVC.swift */; };
		42F542591CFA839600BE8549 /* MonitoredRegionsTVC.swift in Sources */ = {isa = PBXBuildFile; fileRef = 42F542581CFA839600BE8549 /* MonitoredRegionsTVC.swift */; };
		42F5425B1CFA843300BE8549 /* EditRegionTVC.swift in Sources */ = {isa = PBXBuildFile; fileRef = 42F5425A1CFA843300BE8549 /* EditRegionTVC.swift */; };
/* End PBXBuildFile section */

/* Begin PBXFileReference section */
		4274D46F1CFD10AC009889CD /* COBCircularRegion.swift */ = {isa = PBXFileReference; fileEncoding = 4; lastKnownFileType = sourcecode.swift; path = COBCircularRegion.swift; sourceTree = "<group>"; };
		4286B8AD1CFD40A600B2A9AB /* Sim.gpx */ = {isa = PBXFileReference; fileEncoding = 4; lastKnownFileType = text.xml; path = Sim.gpx; sourceTree = "<group>"; };
		42F5423E1CFA6D5A00BE8549 /* ChildOnBoard.app */ = {isa = PBXFileReference; explicitFileType = wrapper.application; includeInIndex = 0; path = ChildOnBoard.app; sourceTree = BUILT_PRODUCTS_DIR; };
		42F542411CFA6D5A00BE8549 /* AppDelegate.swift */ = {isa = PBXFileReference; lastKnownFileType = sourcecode.swift; path = AppDelegate.swift; sourceTree = "<group>"; };
		42F542461CFA6D5A00BE8549 /* Base */ = {isa = PBXFileReference; lastKnownFileType = file.storyboard; name = Base; path = Base.lproj/Main.storyboard; sourceTree = "<group>"; };
		42F542481CFA6D5A00BE8549 /* Assets.xcassets */ = {isa = PBXFileReference; lastKnownFileType = folder.assetcatalog; path = Assets.xcassets; sourceTree = "<group>"; };
		42F5424D1CFA6D5A00BE8549 /* Info.plist */ = {isa = PBXFileReference; lastKnownFileType = text.plist.xml; path = Info.plist; sourceTree = "<group>"; };
		42F542531CFA6E0D00BE8549 /* MapKit.framework */ = {isa = PBXFileReference; lastKnownFileType = wrapper.framework; name = MapKit.framework; path = System/Library/Frameworks/MapKit.framework; sourceTree = SDKROOT; };
		42F542561CFA7A6C00BE8549 /* MainTVC.swift */ = {isa = PBXFileReference; fileEncoding = 4; lastKnownFileType = sourcecode.swift; name = MainTVC.swift; path = ../MainTVC.swift; sourceTree = "<group>"; };
		42F542581CFA839600BE8549 /* MonitoredRegionsTVC.swift */ = {isa = PBXFileReference; fileEncoding = 4; lastKnownFileType = sourcecode.swift; name = MonitoredRegionsTVC.swift; path = ../MonitoredRegionsTVC.swift; sourceTree = "<group>"; };
		42F5425A1CFA843300BE8549 /* EditRegionTVC.swift */ = {isa = PBXFileReference; fileEncoding = 4; lastKnownFileType = sourcecode.swift; path = EditRegionTVC.swift; sourceTree = "<group>"; };
/* End PBXFileReference section */

/* Begin PBXFrameworksBuildPhase section */
		42F5423B1CFA6D5A00BE8549 /* Frameworks */ = {
			isa = PBXFrameworksBuildPhase;
			buildActionMask = 2147483647;
			files = (
				42F542541CFA6E0D00BE8549 /* MapKit.framework in Frameworks */,
			);
			runOnlyForDeploymentPostprocessing = 0;
		};
/* End PBXFrameworksBuildPhase section */

/* Begin PBXGroup section */
		42F542351CFA6D5A00BE8549 = {
			isa = PBXGroup;
			children = (
				42F542451CFA6D5A00BE8549 /* Main.storyboard */,
				42F542401CFA6D5A00BE8549 /* ChildOnBoard */,
				42F5423F1CFA6D5A00BE8549 /* Products */,
			);
			sourceTree = "<group>";
		};
		42F5423F1CFA6D5A00BE8549 /* Products */ = {
			isa = PBXGroup;
			children = (
				42F5423E1CFA6D5A00BE8549 /* ChildOnBoard.app */,
			);
			name = Products;
			sourceTree = "<group>";
		};
		42F542401CFA6D5A00BE8549 /* ChildOnBoard */ = {
			isa = PBXGroup;
			children = (
				42F542561CFA7A6C00BE8549 /* MainTVC.swift */,
				42F542581CFA839600BE8549 /* MonitoredRegionsTVC.swift */,
				42F5425A1CFA843300BE8549 /* EditRegionTVC.swift */,
				4274D46F1CFD10AC009889CD /* COBCircularRegion.swift */,
				42F542411CFA6D5A00BE8549 /* AppDelegate.swift */,
				42F542551CFA773D00BE8549 /* Supporting Files */,
			);
			path = ChildOnBoard;
			sourceTree = "<group>";
		};
		42F542551CFA773D00BE8549 /* Supporting Files */ = {
			isa = PBXGroup;
			children = (
				42F542481CFA6D5A00BE8549 /* Assets.xcassets */,
				42F5424D1CFA6D5A00BE8549 /* Info.plist */,
				4286B8AD1CFD40A600B2A9AB /* Sim.gpx */,
				42F542531CFA6E0D00BE8549 /* MapKit.framework */,
			);
			name = "Supporting Files";
			sourceTree = "<group>";
		};
/* End PBXGroup section */

/* Begin PBXNativeTarget section */
		42F5423D1CFA6D5A00BE8549 /* ChildOnBoard */ = {
			isa = PBXNativeTarget;
			buildConfigurationList = 42F542501CFA6D5A00BE8549 /* Build configuration list for PBXNativeTarget "ChildOnBoard" */;
			buildPhases = (
				42F5423A1CFA6D5A00BE8549 /* Sources */,
				42F5423B1CFA6D5A00BE8549 /* Frameworks */,
				42F5423C1CFA6D5A00BE8549 /* Resources */,
			);
			buildRules = (
			);
			dependencies = (
			);
			name = ChildOnBoard;
			productName = ChildOnBoard;
			productReference = 42F5423E1CFA6D5A00BE8549 /* ChildOnBoard.app */;
			productType = "com.apple.product-type.application";
		};
/* End PBXNativeTarget section */

/* Begin PBXProject section */
		42F542361CFA6D5A00BE8549 /* Project object */ = {
			isa = PBXProject;
			attributes = {
				LastSwiftUpdateCheck = 0730;
				LastUpgradeCheck = 0730;
				ORGANIZATIONNAME = "J. HOWARD SMART";
				TargetAttributes = {
					42F5423D1CFA6D5A00BE8549 = {
						CreatedOnToolsVersion = 7.3.1;
						DevelopmentTeam = TY3543425A;
						SystemCapabilities = {
							com.apple.BackgroundModes = {
								enabled = 1;
							};
							com.apple.Maps.iOS = {
								enabled = 1;
							};
						};
					};
				};
			};
			buildConfigurationList = 42F542391CFA6D5A00BE8549 /* Build configuration list for PBXProject "ChildOnBoard" */;
			compatibilityVersion = "Xcode 3.2";
			developmentRegion = English;
			hasScannedForEncodings = 0;
			knownRegions = (
				en,
				Base,
			);
			mainGroup = 42F542351CFA6D5A00BE8549;
			productRefGroup = 42F5423F1CFA6D5A00BE8549 /* Products */;
			projectDirPath = "";
			projectRoot = "";
			targets = (
				42F5423D1CFA6D5A00BE8549 /* ChildOnBoard */,
			);
		};
/* End PBXProject section */

/* Begin PBXResourcesBuildPhase section */
		42F5423C1CFA6D5A00BE8549 /* Resources */ = {
			isa = PBXResourcesBuildPhase;
			buildActionMask = 2147483647;
			files = (
				4286B8AE1CFD40A600B2A9AB /* Sim.gpx in Resources */,
				42F542491CFA6D5A00BE8549 /* Assets.xcassets in Resources */,
				42F542471CFA6D5A00BE8549 /* Main.storyboard in Resources */,
			);
			runOnlyForDeploymentPostprocessing = 0;
		};
/* End PBXResourcesBuildPhase section */

/* Begin PBXSourcesBuildPhase section */
		42F5423A1CFA6D5A00BE8549 /* Sources */ = {
			isa = PBXSourcesBuildPhase;
			buildActionMask = 2147483647;
			files = (
				42F542591CFA839600BE8549 /* MonitoredRegionsTVC.swift in Sources */,
				42F5425B1CFA843300BE8549 /* EditRegionTVC.swift in Sources */,
				42F542571CFA7A6C00BE8549 /* MainTVC.swift in Sources */,
				42F542421CFA6D5A00BE8549 /* AppDelegate.swift in Sources */,
				4274D4701CFD10AC009889CD /* COBCircularRegion.swift in Sources */,
			);
			runOnlyForDeploymentPostprocessing = 0;
		};
/* End PBXSourcesBuildPhase section */

/* Begin PBXVariantGroup section */
		42F542451CFA6D5A00BE8549 /* Main.storyboard */ = {
			isa = PBXVariantGroup;
			children = (
				42F542461CFA6D5A00BE8549 /* Base */,
			);
			name = Main.storyboard;
			path = ChildOnBoard;
			sourceTree = "<group>";
		};
/* End PBXVariantGroup section */

/* Begin XCBuildConfiguration section */
		42F5424E1CFA6D5A00BE8549 /* Debug */ = {
			isa = XCBuildConfiguration;
			buildSettings = {
				ALWAYS_SEARCH_USER_PATHS = NO;
				CLANG_ANALYZER_NONNULL = YES;
				CLANG_CXX_LANGUAGE_STANDARD = "gnu++0x";
				CLANG_CXX_LIBRARY = "libc++";
				CLANG_ENABLE_MODULES = YES;
				CLANG_ENABLE_OBJC_ARC = YES;
				CLANG_WARN_BOOL_CONVERSION = YES;
				CLANG_WARN_CONSTANT_CONVERSION = YES;
				CLANG_WARN_DIRECT_OBJC_ISA_USAGE = YES_ERROR;
				CLANG_WARN_EMPTY_BODY = YES;
				CLANG_WARN_ENUM_CONVERSION = YES;
				CLANG_WARN_INT_CONVERSION = YES;
				CLANG_WARN_OBJC_ROOT_CLASS = YES_ERROR;
				CLANG_WARN_UNREACHABLE_CODE = YES;
				CLANG_WARN__DUPLICATE_METHOD_MATCH = YES;
				"CODE_SIGN_IDENTITY[sdk=iphoneos*]" = "iPhone Developer";
				COPY_PHASE_STRIP = NO;
				DEBUG_INFORMATION_FORMAT = dwarf;
				ENABLE_STRICT_OBJC_MSGSEND = YES;
				ENABLE_TESTABILITY = YES;
				GCC_C_LANGUAGE_STANDARD = gnu99;
				GCC_DYNAMIC_NO_PIC = NO;
				GCC_NO_COMMON_BLOCKS = YES;
				GCC_OPTIMIZATION_LEVEL = 0;
				GCC_PREPROCESSOR_DEFINITIONS = (
					"DEBUG=1",
					"$(inherited)",
				);
				GCC_WARN_64_TO_32_BIT_CONVERSION = YES;
				GCC_WARN_ABOUT_RETURN_TYPE = YES_ERROR;
				GCC_WARN_UNDECLARED_SELECTOR = YES;
				GCC_WARN_UNINITIALIZED_AUTOS = YES_AGGRESSIVE;
				GCC_WARN_UNUSED_FUNCTION = YES;
				GCC_WARN_UNUSED_VARIABLE = YES;
				IPHONEOS_DEPLOYMENT_TARGET = 9.3;
				MTL_ENABLE_DEBUG_INFO = YES;
				ONLY_ACTIVE_ARCH = YES;
				SDKROOT = iphoneos;
				SWIFT_OPTIMIZATION_LEVEL = "-Onone";
				TARGETED_DEVICE_FAMILY = "1,2";
			};
			name = Debug;
		};
		42F5424F1CFA6D5A00BE8549 /* Release */ = {
			isa = XCBuildConfiguration;
			buildSettings = {
				ALWAYS_SEARCH_USER_PATHS = NO;
				CLANG_ANALYZER_NONNULL = YES;
				CLANG_CXX_LANGUAGE_STANDARD = "gnu++0x";
				CLANG_CXX_LIBRARY = "libc++";
				CLANG_ENABLE_MODULES = YES;
				CLANG_ENABLE_OBJC_ARC = YES;
				CLANG_WARN_BOOL_CONVERSION = YES;
				CLANG_WARN_CONSTANT_CONVERSION = YES;
				CLANG_WARN_DIRECT_OBJC_ISA_USAGE = YES_ERROR;
				CLANG_WARN_EMPTY_BODY = YES;
				CLANG_WARN_ENUM_CONVERSION = YES;
				CLANG_WARN_INT_CONVERSION = YES;
				CLANG_WARN_OBJC_ROOT_CLASS = YES_ERROR;
				CLANG_WARN_UNREACHABLE_CODE = YES;
				CLANG_WARN__DUPLICATE_METHOD_MATCH = YES;
				"CODE_SIGN_IDENTITY[sdk=iphoneos*]" = "iPhone Developer";
				COPY_PHASE_STRIP = NO;
				DEBUG_INFORMATION_FORMAT = "dwarf-with-dsym";
				ENABLE_NS_ASSERTIONS = NO;
				ENABLE_STRICT_OBJC_MSGSEND = YES;
				GCC_C_LANGUAGE_STANDARD = gnu99;
				GCC_NO_COMMON_BLOCKS = YES;
				GCC_WARN_64_TO_32_BIT_CONVERSION = YES;
				GCC_WARN_ABOUT_RETURN_TYPE = YES_ERROR;
				GCC_WARN_UNDECLARED_SELECTOR = YES;
				GCC_WARN_UNINITIALIZED_AUTOS = YES_AGGRESSIVE;
				GCC_WARN_UNUSED_FUNCTION = YES;
				GCC_WARN_UNUSED_VARIABLE = YES;
				IPHONEOS_DEPLOYMENT_TARGET = 9.3;
				MTL_ENABLE_DEBUG_INFO = NO;
				SDKROOT = iphoneos;
				TARGETED_DEVICE_FAMILY = "1,2";
				VALIDATE_PRODUCT = YES;
			};
			name = Release;
		};
		42F542511CFA6D5A00BE8549 /* Debug */ = {
			isa = XCBuildConfiguration;
			buildSettings = {
				ASSETCATALOG_COMPILER_APPICON_NAME = AppIcon;
				CODE_SIGN_IDENTITY = "iPhone Developer";
				INFOPLIST_FILE = ChildOnBoard/Info.plist;
				LD_RUNPATH_SEARCH_PATHS = "$(inherited) @executable_path/Frameworks";
				PRODUCT_BUNDLE_IDENTIFIER = com.mySmartSoftware.ChildOnBoard;
				PRODUCT_NAME = "$(TARGET_NAME)";
				TARGETED_DEVICE_FAMILY = 1;
			};
			name = Debug;
		};
		42F542521CFA6D5A00BE8549 /* Release */ = {
			isa = XCBuildConfiguration;
			buildSettings = {
				ASSETCATALOG_COMPILER_APPICON_NAME = AppIcon;
				CODE_SIGN_IDENTITY = "iPhone Developer";
				INFOPLIST_FILE = ChildOnBoard/Info.plist;
				LD_RUNPATH_SEARCH_PATHS = "$(inherited) @executable_path/Frameworks";
				PRODUCT_BUNDLE_IDENTIFIER = com.mySmartSoftware.ChildOnBoard;
				PRODUCT_NAME = "$(TARGET_NAME)";
				TARGETED_DEVICE_FAMILY = 1;
			};
			name = Release;
		};
/* End XCBuildConfiguration section */

/* Begin XCConfigurationList section */
		42F542391CFA6D5A00BE8549 /* Build configuration list for PBXProject "ChildOnBoard" */ = {
			isa = XCConfigurationList;
			buildConfigurations = (
				42F5424E1CFA6D5A00BE8549 /* Debug */,
				42F5424F1CFA6D5A00BE8549 /* Release */,
			);
			defaultConfigurationIsVisible = 0;
			defaultConfigurationName = Release;
		};
		42F542501CFA6D5A00BE8549 /* Build configuration list for PBXNativeTarget "ChildOnBoard" */ = {
			isa = XCConfigurationList;
			buildConfigurations = (
				42F542511CFA6D5A00BE8549 /* Debug */,
				42F542521CFA6D5A00BE8549 /* Release */,
			);
			defaultConfigurationIsVisible = 0;
			defaultConfigurationName = Release;
		};
/* End XCConfigurationList section */
	};
	rootObject = 42F542361CFA6D5A00BE8549 /* Project object */;
}
